
Microsoft Visual Studio Solution File, Format Version 12.00
# Visual Studio Version 17
VisualStudioVersion = 17.8.34408.163
MinimumVisualStudioVersion = 10.0.40219.1
Project("{FAE04EC0-301F-11D3-BF4B-00C04F79EFBC}") = "TheGoodDB", "TheGoodDB\TheGoodDB.csproj", "{3171918B-73A2-4CEF-9CDA-D86C4187548D}"
EndProject
Global
	GlobalSection(SolutionConfigurationPlatforms) = preSolution
		Debug|Any CPU = Debug|Any CPU
		Release|Any CPU = Release|Any CPU
	EndGlobalSection
	GlobalSection(ProjectConfigurationPlatforms) = postSolution
		{3171918B-73A2-4CEF-9CDA-D86C4187548D}.Debug|Any CPU.ActiveCfg = Debug|Any CPU
		{3171918B-73A2-4CEF-9CDA-D86C4187548D}.Debug|Any CPU.Build.0 = Debug|Any CPU
		{3171918B-73A2-4CEF-9CDA-D86C4187548D}.Release|Any CPU.ActiveCfg = Release|Any CPU
		{3171918B-73A2-4CEF-9CDA-D86C4187548D}.Release|Any CPU.Build.0 = Release|Any CPU
	EndGlobalSection
	GlobalSection(SolutionProperties) = preSolution
		HideSolutionNode = FALSE
	EndGlobalSection
	GlobalSection(ExtensibilityGlobals) = postSolution
		SolutionGuid = {A56D69B5-8129-4E51-8357-5D0A0D0EB7CC}
	EndGlobalSection
EndGlobal
